# THIS IS AN AUTOGENERATED FILE. DO NOT EDIT THIS FILE DIRECTLY.
# yarn lockfile v1


"@next/env@13.1.3-canary.1":
  version "13.1.3-canary.1"
  resolved "https://registry.yarnpkg.com/@next/env/-/env-13.1.3-canary.1.tgz#b79f67445cab566e17164556617ba7c20d078723"
  integrity sha512-kmC24s9lLQbuDTgfXyPJZOfhR2SEQHjYpgiqAOQXkW4clpI9VwmBWtsVKpZcrA4CSjjifSg2FbRGVNAP3eXDIw==

"@next/swc-android-arm-eabi@13.1.3-canary.1":
  version "13.1.3-canary.1"
  resolved "https://registry.yarnpkg.com/@next/swc-android-arm-eabi/-/swc-android-arm-eabi-13.1.3-canary.1.tgz#59d9c84d98c3deb72b5063b0e40e498c5c91dc7d"
  integrity sha512-7JkGOGzs0KUwJLdKzz1rR71xbom2NUt9AQA1Kj8YwtA+peQc6wIqEStDBNpTxtMlCzWZfLR84g9XoAZckMc4Ew==

"@next/swc-android-arm64@13.1.3-canary.1":
  version "13.1.3-canary.1"
  resolved "https://registry.yarnpkg.com/@next/swc-android-arm64/-/swc-android-arm64-13.1.3-canary.1.tgz#26146158ae13d5295ade1e87051c8d5f107a882d"
  integrity sha512-deW46NWSYbZiYOyvhtmRSqcHwXIh4V9ZkpRcdudWUQDYnPvuLN/cX23hqqD8LXO7n1t1Fv2bncOwIiPSOu+HQg==

"@next/swc-darwin-arm64@13.1.3-canary.1":
  version "13.1.3-canary.1"
  resolved "https://registry.yarnpkg.com/@next/swc-darwin-arm64/-/swc-darwin-arm64-13.1.3-canary.1.tgz#176c608810ef65dcff5bba003df5461cdfd54668"
  integrity sha512-tPkDi5/5UgdGoU26YFp/LO3bkur5YnJtP5GsFJWvhDwX44T13bL2f2gfJgTIAAnuLZtIs4FEgRyFN12F0ePmPQ==

"@next/swc-darwin-x64@13.1.3-canary.1":
  version "13.1.3-canary.1"
  resolved "https://registry.yarnpkg.com/@next/swc-darwin-x64/-/swc-darwin-x64-13.1.3-canary.1.tgz#859ef43cd1291b1950ece4286b1cddfd15b8c322"
  integrity sha512-29w9N+VNInh8MuSkpXfU0KkRP4xu1hkxrlZd0YAck4MJEY9imdldZClj8uMQ6gbogoIqGBquZspngTu0MV1OgA==

"@next/swc-freebsd-x64@13.1.3-canary.1":
  version "13.1.3-canary.1"
  resolved "https://registry.yarnpkg.com/@next/swc-freebsd-x64/-/swc-freebsd-x64-13.1.3-canary.1.tgz#290f024e71f831a349347aaf19d4a2b72fe0b66f"
  integrity sha512-ymyNbU81BzIZJKhIl8AGH38PLjHp/avMle50oXK4t8blnZKcGx494wJKCRevGkKgKzdzFYg2fF/G9z5v9vdjaA==

"@next/swc-linux-arm-gnueabihf@13.1.3-canary.1":
  version "13.1.3-canary.1"
  resolved "https://registry.yarnpkg.com/@next/swc-linux-arm-gnueabihf/-/swc-linux-arm-gnueabihf-13.1.3-canary.1.tgz#3d39cc5a9dea499242008c5c3646b3a133da6c96"
  integrity sha512-YefRIDJi4U0xXU5CFCVb2q4/b1Xlzz6X2+Dyw8isvr2UAGoUMplVNdKjexTVo8fKXjrmZOwXfc4VEaVvVY6tGw==

"@next/swc-linux-arm64-gnu@13.1.3-canary.1":
  version "13.1.3-canary.1"
  resolved "https://registry.yarnpkg.com/@next/swc-linux-arm64-gnu/-/swc-linux-arm64-gnu-13.1.3-canary.1.tgz#0f84b339973ecd8ece45c3523098431fc4f81a4b"
  integrity sha512-3AmYJytAI1JoxCSXEuP1QKQqVCZLvPLY7ejtjc/m1hhj+tBuUJyUq1sTRJsgOPJML5cTe7zTYBt6eFs3nKRPeg==

"@next/swc-linux-arm64-musl@13.1.3-canary.1":
  version "13.1.3-canary.1"
  resolved "https://registry.yarnpkg.com/@next/swc-linux-arm64-musl/-/swc-linux-arm64-musl-13.1.3-canary.1.tgz#c17b8e11c20d6659bf2259486eb78f9d9bcb4531"
  integrity sha512-RmNgYthzPKwnNT/WdAUvMZ1n2oR4vpZv6sO+U510F4s4FMvNcMh4QTvf1vxBJIgA4iO1ap2/7xuwUWrUXbI/nA==

"@next/swc-linux-x64-gnu@13.1.3-canary.1":
  version "13.1.3-canary.1"
  resolved "https://registry.yarnpkg.com/@next/swc-linux-x64-gnu/-/swc-linux-x64-gnu-13.1.3-canary.1.tgz#94b5bcef6b47f9373d6fb10b3784cd41fcc8ebd6"
  integrity sha512-+JjHH4lzwuqsnilTYtQkbDkt/VWwhOkpmCeoI9qJfqYsF5ppLKz2IeFRFKz3qElY7Vymba1C83RCJeDlyPXsIw==

"@next/swc-linux-x64-musl@13.1.3-canary.1":
  version "13.1.3-canary.1"
  resolved "https://registry.yarnpkg.com/@next/swc-linux-x64-musl/-/swc-linux-x64-musl-13.1.3-canary.1.tgz#2d2aa5b96bfab367f067da1e43201e460ede8480"
  integrity sha512-rLUUnsbnTX2x7GiOrCDlpQpKmT5IuQ2vQWvKR3mEgHX9pWTJcVTHVVrIGmxOrz6bAa1N/OcDy/rsTzJJ1/4+hw==

"@next/swc-win32-arm64-msvc@13.1.3-canary.1":
  version "13.1.3-canary.1"
  resolved "https://registry.yarnpkg.com/@next/swc-win32-arm64-msvc/-/swc-win32-arm64-msvc-13.1.3-canary.1.tgz#cf492b047701dabb4149eba4bf9ec21aa44bad50"
  integrity sha512-X9Xn8JfN0Urs2xdIdt0fp8c0sTlE/tO5uAHFzITR9PMDDI2tkP+Iym2q5Qhk/7x72oVDK2e2VtXO92Uov+Wy4Q==

"@next/swc-win32-ia32-msvc@13.1.3-canary.1":
  version "13.1.3-canary.1"
  resolved "https://registry.yarnpkg.com/@next/swc-win32-ia32-msvc/-/swc-win32-ia32-msvc-13.1.3-canary.1.tgz#97909a5faa7d8603805b01d57926ad031353640f"
  integrity sha512-b8pIaUS/0G5GBlBQgdRSVXOUpc+RXRdIaLOpf+FVyxiXRighlc1xkxLh+B/gYF8dhGQ5aqaTHCirekJSzuA0SQ==

"@next/swc-win32-x64-msvc@13.1.3-canary.1":
  version "13.1.3-canary.1"
  resolved "https://registry.yarnpkg.com/@next/swc-win32-x64-msvc/-/swc-win32-x64-msvc-13.1.3-canary.1.tgz#fef82b09f758f8e5087a9bdddc0c6c656d5d17e8"
  integrity sha512-sMaSg7P12dbZ/TNrb/nIierCP6VC3q4TiVEocC25wqYyu9ovDoHs2M77j27rxieLec45M8a1Xb9wTuhAj5oaQA==

"@swc/helpers@0.4.14":
  version "0.4.14"
  resolved "https://registry.yarnpkg.com/@swc/helpers/-/helpers-0.4.14.tgz#1352ac6d95e3617ccb7c1498ff019654f1e12a74"
  integrity sha512-4C7nX/dvpzB7za4Ql9K81xK3HPxCpHMgwTZVyf+9JQ6VUbn9jjZVN7/Nkdz/Ugzs2CSjqnL/UPXroiVBVHUWUw==
  dependencies:
    tslib "^2.4.0"

"@types/node@^18.11.13":
  version "18.11.18"
  resolved "https://registry.yarnpkg.com/@types/node/-/node-18.11.18.tgz#8dfb97f0da23c2293e554c5a50d61ef134d7697f"
  integrity sha512-DHQpWGjyQKSHj3ebjFI/wRKcqQcdR+MoFBygntYOZytCqNfkd2ZC4ARDJ2DQqhjH5p85Nnd3jhUJIXrszFX/JA==

"@types/prop-types@*":
  version "15.7.5"
  resolved "https://registry.yarnpkg.com/@types/prop-types/-/prop-types-15.7.5.tgz#5f19d2b85a98e9558036f6a3cacc8819420f05cf"
  integrity sha512-JCB8C6SnDoQf0cNycqd/35A7MjcnK+ZTqE7judS6o7utxUCg6imJg3QK2qzHKszlTjcj2cn+NwMB2i96ubpj7w==

"@types/react@^18.0.26":
  version "18.0.26"
  resolved "https://registry.yarnpkg.com/@types/react/-/react-18.0.26.tgz#8ad59fc01fef8eaf5c74f4ea392621749f0b7917"
  integrity sha512-hCR3PJQsAIXyxhTNSiDFY//LhnMZWpNNr5etoCqx/iUfGc5gXWtQR2Phl908jVR6uPXacojQWTg4qRpkxTuGug==
  dependencies:
    "@types/prop-types" "*"
    "@types/scheduler" "*"
    csstype "^3.0.2"

"@types/scheduler@*":
  version "0.16.2"
  resolved "https://registry.yarnpkg.com/@types/scheduler/-/scheduler-0.16.2.tgz#1a62f89525723dde24ba1b01b092bf5df8ad4d39"
  integrity sha512-hppQEBDmlwhFAXKJX2KnWLYu5yMfi91yazPb2l+lbJiwW+wdo1gNeRA+3RgNSO39WYX2euey41KEwnqesU2Jew==

caniuse-lite@^1.0.30001406:
  version "1.0.30001445"
  resolved "https://registry.yarnpkg.com/caniuse-lite/-/caniuse-lite-1.0.30001445.tgz#cf2d4eb93f2bcdf0310de9dd6d18be271bc0b447"
  integrity sha512-8sdQIdMztYmzfTMO6KfLny878Ln9c2M0fc7EH60IjlP4Dc4PiCy7K2Vl3ITmWgOyPgVQKa5x+UP/KqFsxj4mBg==

client-only@0.0.1:
  version "0.0.1"
  resolved "https://registry.yarnpkg.com/client-only/-/client-only-0.0.1.tgz#38bba5d403c41ab150bff64a95c85013cf73bca1"
  integrity sha512-IV3Ou0jSMzZrd3pZ48nLkT9DA7Ag1pnPzaiQhpW7c3RbcqqzvzzVu+L8gfqMp/8IM2MQtSiqaCxrrcfu8I8rMA==

csstype@^3.0.2:
  version "3.1.1"
  resolved "https://registry.yarnpkg.com/csstype/-/csstype-3.1.1.tgz#841b532c45c758ee546a11d5bd7b7b473c8c30b9"
  integrity sha512-DJR/VvkAvSZW9bTouZue2sSxDwdTN92uHjqeKVm+0dAqdfNykRzQ95tay8aXMBAAPpUiq4Qcug2L7neoRh2Egw==

"js-tokens@^3.0.0 || ^4.0.0":
  version "4.0.0"
  resolved "https://registry.yarnpkg.com/js-tokens/-/js-tokens-4.0.0.tgz#19203fb59991df98e3a287050d4647cdeaf32499"
  integrity sha512-RdJUflcE3cUzKiMqQgsCu06FPu9UdIJO0beYbPhHN4k6apgJtifcoCtT9bcxOpYBtpD2kCM6Sbzg4CausW/PKQ==

loose-envify@^1.1.0:
  version "1.4.0"
  resolved "https://registry.yarnpkg.com/loose-envify/-/loose-envify-1.4.0.tgz#71ee51fa7be4caec1a63839f7e682d8132d30caf"
  integrity sha512-lyuxPGr/Wfhrlem2CL/UcnUc1zcqKAImBDzukY7Y5F/yQiNdko6+fRLevlw1HgMySw7f611UIY408EtxRSoK3Q==
  dependencies:
    js-tokens "^3.0.0 || ^4.0.0"

nanoid@^3.3.4:
  version "3.3.4"
  resolved "https://registry.yarnpkg.com/nanoid/-/nanoid-3.3.4.tgz#730b67e3cd09e2deacf03c027c81c9d9dbc5e8ab"
  integrity sha512-MqBkQh/OHTS2egovRtLk45wEyNXwF+cokD+1YPf9u5VfJiRdAiRwB2froX5Co9Rh20xs4siNPm8naNotSD6RBw==

next@canary:
  version "13.1.3-canary.1"
  resolved "https://registry.yarnpkg.com/next/-/next-13.1.3-canary.1.tgz#33a0377c76a75a37183832c5379333cb4f78642f"
  integrity sha512-6HGhoux5HgZZBYJlQ1CiUXA2x85fr+n8ZOeWYeENCLoHuHKm26cAgkB2ddREm4YJeqZrqO06BYmM9vxvvVzqdA==
  dependencies:
    "@next/env" "13.1.3-canary.1"
    "@swc/helpers" "0.4.14"
    caniuse-lite "^1.0.30001406"
    postcss "8.4.14"
    styled-jsx "5.1.1"
  optionalDependencies:
    "@next/swc-android-arm-eabi" "13.1.3-canary.1"
    "@next/swc-android-arm64" "13.1.3-canary.1"
    "@next/swc-darwin-arm64" "13.1.3-canary.1"
    "@next/swc-darwin-x64" "13.1.3-canary.1"
    "@next/swc-freebsd-x64" "13.1.3-canary.1"
    "@next/swc-linux-arm-gnueabihf" "13.1.3-canary.1"
    "@next/swc-linux-arm64-gnu" "13.1.3-canary.1"
    "@next/swc-linux-arm64-musl" "13.1.3-canary.1"
    "@next/swc-linux-x64-gnu" "13.1.3-canary.1"
    "@next/swc-linux-x64-musl" "13.1.3-canary.1"
    "@next/swc-win32-arm64-msvc" "13.1.3-canary.1"
    "@next/swc-win32-ia32-msvc" "13.1.3-canary.1"
    "@next/swc-win32-x64-msvc" "13.1.3-canary.1"

picocolors@^1.0.0:
  version "1.0.0"
  resolved "https://registry.yarnpkg.com/picocolors/-/picocolors-1.0.0.tgz#cb5bdc74ff3f51892236eaf79d68bc44564ab81c"
  integrity sha512-1fygroTLlHu66zi26VoTDv8yRgm0Fccecssto+MhsZ0D/DGW2sm8E8AjW7NU5VVTRt5GxbeZ5qBuJr+HyLYkjQ==

postcss@8.4.14:
  version "8.4.14"
  resolved "https://registry.yarnpkg.com/postcss/-/postcss-8.4.14.tgz#ee9274d5622b4858c1007a74d76e42e56fd21caf"
  integrity sha512-E398TUmfAYFPBSdzgeieK2Y1+1cpdxJx8yXbK/m57nRhKSmk1GB2tO4lbLBtlkfPQTDKfe4Xqv1ASWPpayPEig==
  dependencies:
    nanoid "^3.3.4"
    picocolors "^1.0.0"
    source-map-js "^1.0.2"

react-dom@^18.2.0:
  version "18.2.0"
  resolved "https://registry.yarnpkg.com/react-dom/-/react-dom-18.2.0.tgz#22aaf38708db2674ed9ada224ca4aa708d821e3d"
  integrity sha512-6IMTriUmvsjHUjNtEDudZfuDQUoWXVxKHhlEGSk81n4YFS+r/Kl99wXiwlVXtPBtJenozv2P+hxDsw9eA7Xo6g==
  dependencies:
    loose-envify "^1.1.0"
    scheduler "^0.23.0"

react@^18.2.0:
  version "18.2.0"
  resolved "https://registry.yarnpkg.com/react/-/react-18.2.0.tgz#555bd98592883255fa00de14f1151a917b5d77d5"
  integrity sha512-/3IjMdb2L9QbBdWiW5e3P2/npwMBaU9mHCSCUzNln0ZCYbcfTsGbTJrU/kGemdH2IWmB2ioZ+zkxtmq6g09fGQ==
  dependencies:
    loose-envify "^1.1.0"

scheduler@^0.23.0:
  version "0.23.0"
  resolved "https://registry.yarnpkg.com/scheduler/-/scheduler-0.23.0.tgz#ba8041afc3d30eb206a487b6b384002e4e61fdfe"
  integrity sha512-CtuThmgHNg7zIZWAXi3AsyIzA3n4xx7aNyjwC2VJldO2LMVDhFK+63xGqq6CsJH4rTAt6/M+N4GhZiDYPx9eUw==
  dependencies:
    loose-envify "^1.1.0"

source-map-js@^1.0.2:
  version "1.0.2"
  resolved "https://registry.yarnpkg.com/source-map-js/-/source-map-js-1.0.2.tgz#adbc361d9c62df380125e7f161f71c826f1e490c"
  integrity sha512-R0XvVJ9WusLiqTCEiGCmICCMplcCkIwwR11mOSD9CR5u+IXYdiseeEuXCVAjS54zqwkLcPNnmU4OeJ6tUrWhDw==

styled-jsx@5.1.1:
  version "5.1.1"
  resolved "https://registry.yarnpkg.com/styled-jsx/-/styled-jsx-5.1.1.tgz#839a1c3aaacc4e735fed0781b8619ea5d0009d1f"
  integrity sha512-pW7uC1l4mBZ8ugbiZrcIsiIvVx1UmTfw7UkC3Um2tmfUq9Bhk8IiyEIPl6F8agHgjzku6j0xQEZbfA5uSgSaCw==
  dependencies:
    client-only "0.0.1"

tslib@^2.4.0:
  version "2.4.1"
  resolved "https://registry.yarnpkg.com/tslib/-/tslib-2.4.1.tgz#0d0bfbaac2880b91e22df0768e55be9753a5b17e"
  integrity sha512-tGyy4dAjRIEwI7BzsB0lynWgOpfqjUdq91XXAlIWD2OwKBH7oCl/GZG/HT4BOHrTlPMOASlMQ7veyTqpmRcrNA==

typescript@^4.9.4:
  version "4.9.4"
  resolved "https://registry.yarnpkg.com/typescript/-/typescript-4.9.4.tgz#a2a3d2756c079abda241d75f149df9d561091e78"
  integrity sha512-Uz+dTXYzxXXbsFpM86Wh3dKCxrQqUcVMxwU54orwlJjOpO3ao8L7j5lH+dWfTwgCwIuM9GQ2kvVotzYJMXTBZg==
